
Microsoft Visual Studio Solution File, Format Version 12.00
# Visual Studio 15
VisualStudioVersion = 15.0.28010.2046
MinimumVisualStudioVersion = 10.0.40219.1
Project("{FAE04EC0-301F-11D3-BF4B-00C04F79EFBC}") = "ScheduleApp.Android", "ScheduleApp\ScheduleApp.Android\ScheduleApp.Android.csproj", "{8E71E780-68FD-4246-84DD-B9B4CB49D671}"
EndProject
Project("{FAE04EC0-301F-11D3-BF4B-00C04F79EFBC}") = "ScheduleApp.iOS", "ScheduleApp\ScheduleApp.iOS\ScheduleApp.iOS.csproj", "{52D1DA8A-E4B4-4553-B46E-45471735A357}"
EndProject
Project("{FAE04EC0-301F-11D3-BF4B-00C04F79EFBC}") = "ScheduleApp.UWP", "ScheduleApp\ScheduleApp.UWP\ScheduleApp.UWP.csproj", "{5FA4CB38-CC42-42D0-8182-4CE4D43110DB}"
EndProject
Project("{FAE04EC0-301F-11D3-BF4B-00C04F79EFBC}") = "ScheduleApp", "ScheduleApp\ScheduleApp\ScheduleApp.csproj", "{E28ED47F-1581-47AC-9A6D-0F3EDD640603}"
EndProject
Global
	GlobalSection(SolutionConfigurationPlatforms) = preSolution
		Ad-Hoc|Any CPU = Ad-Hoc|Any CPU
		Ad-Hoc|ARM = Ad-Hoc|ARM
		Ad-Hoc|iPhone = Ad-Hoc|iPhone
		Ad-Hoc|iPhoneSimulator = Ad-Hoc|iPhoneSimulator
		Ad-Hoc|x64 = Ad-Hoc|x64
		Ad-Hoc|x86 = Ad-Hoc|x86
		AppStore|Any CPU = AppStore|Any CPU
		AppStore|ARM = AppStore|ARM
		AppStore|iPhone = AppStore|iPhone
		AppStore|iPhoneSimulator = AppStore|iPhoneSimulator
		AppStore|x64 = AppStore|x64
		AppStore|x86 = AppStore|x86
		Debug|Any CPU = Debug|Any CPU
		Debug|ARM = Debug|ARM
		Debug|iPhone = Debug|iPhone
		Debug|iPhoneSimulator = Debug|iPhoneSimulator
		Debug|x64 = Debug|x64
		Debug|x86 = Debug|x86
		Release|Any CPU = Release|Any CPU
		Release|ARM = Release|ARM
		Release|iPhone = Release|iPhone
		Release|iPhoneSimulator = Release|iPhoneSimulator
		Release|x64 = Release|x64
		Release|x86 = Release|x86
	EndGlobalSection
	GlobalSection(ProjectConfigurationPlatforms) = postSolution
		{8E71E780-68FD-4246-84DD-B9B4CB49D671}.Ad-Hoc|Any CPU.ActiveCfg = Release|Any CPU
		{8E71E780-68FD-4246-84DD-B9B4CB49D671}.Ad-Hoc|Any CPU.Build.0 = Release|Any CPU
		{8E71E780-68FD-4246-84DD-B9B4CB49D671}.Ad-Hoc|Any CPU.Deploy.0 = Release|Any CPU
		{8E71E780-68FD-4246-84DD-B9B4CB49D671}.Ad-Hoc|ARM.ActiveCfg = Release|Any CPU
		{8E71E780-68FD-4246-84DD-B9B4CB49D671}.Ad-Hoc|ARM.Build.0 = Release|Any CPU
		{8E71E780-68FD-4246-84DD-B9B4CB49D671}.Ad-Hoc|ARM.Deploy.0 = Release|Any CPU
		{8E71E780-68FD-4246-84DD-B9B4CB49D671}.Ad-Hoc|iPhone.ActiveCfg = Release|Any CPU
		{8E71E780-68FD-4246-84DD-B9B4CB49D671}.Ad-Hoc|iPhone.Build.0 = Release|Any CPU
		{8E71E780-68FD-4246-84DD-B9B4CB49D671}.Ad-Hoc|iPhone.Deploy.0 = Release|Any CPU
		{8E71E780-68FD-4246-84DD-B9B4CB49D671}.Ad-Hoc|iPhoneSimulator.ActiveCfg = Release|Any CPU
		{8E71E780-68FD-4246-84DD-B9B4CB49D671}.Ad-Hoc|iPhoneSimulator.Build.0 = Release|Any CPU
		{8E71E780-68FD-4246-84DD-B9B4CB49D671}.Ad-Hoc|iPhoneSimulator.Deploy.0 = Release|Any CPU
		{8E71E780-68FD-4246-84DD-B9B4CB49D671}.Ad-Hoc|x64.ActiveCfg = Release|Any CPU
		{8E71E780-68FD-4246-84DD-B9B4CB49D671}.Ad-Hoc|x64.Build.0 = Release|Any CPU
		{8E71E780-68FD-4246-84DD-B9B4CB49D671}.Ad-Hoc|x64.Deploy.0 = Release|Any CPU
		{8E71E780-68FD-4246-84DD-B9B4CB49D671}.Ad-Hoc|x86.ActiveCfg = Release|Any CPU
		{8E71E780-68FD-4246-84DD-B9B4CB49D671}.Ad-Hoc|x86.Build.0 = Release|Any CPU
		{8E71E780-68FD-4246-84DD-B9B4CB49D671}.Ad-Hoc|x86.Deploy.0 = Release|Any CPU
		{8E71E780-68FD-4246-84DD-B9B4CB49D671}.AppStore|Any CPU.ActiveCfg = Release|Any CPU
		{8E71E780-68FD-4246-84DD-B9B4CB49D671}.AppStore|Any CPU.Build.0 = Release|Any CPU
		{8E71E780-68FD-4246-84DD-B9B4CB49D671}.AppStore|Any CPU.Deploy.0 = Release|Any CPU
		{8E71E780-68FD-4246-84DD-B9B4CB49D671}.AppStore|ARM.ActiveCfg = Release|Any CPU
		{8E71E780-68FD-4246-84DD-B9B4CB49D671}.AppStore|ARM.Build.0 = Release|Any CPU
		{8E71E780-68FD-4246-84DD-B9B4CB49D671}.AppStore|ARM.Deploy.0 = Release|Any CPU
		{8E71E780-68FD-4246-84DD-B9B4CB49D671}.AppStore|iPhone.ActiveCfg = Release|Any CPU
		{8E71E780-68FD-4246-84DD-B9B4CB49D671}.AppStore|iPhone.Build.0 = Release|Any CPU
		{8E71E780-68FD-4246-84DD-B9B4CB49D671}.AppStore|iPhone.Deploy.0 = Release|Any CPU
		{8E71E780-68FD-4246-84DD-B9B4CB49D671}.AppStore|iPhoneSimulator.ActiveCfg = Release|Any CPU
		{8E71E780-68FD-4246-84DD-B9B4CB49D671}.AppStore|iPhoneSimulator.Build.0 = Release|Any CPU
		{8E71E780-68FD-4246-84DD-B9B4CB49D671}.AppStore|iPhoneSimulator.Deploy.0 = Release|Any CPU
		{8E71E780-68FD-4246-84DD-B9B4CB49D671}.AppStore|x64.ActiveCfg = Release|Any CPU
		{8E71E780-68FD-4246-84DD-B9B4CB49D671}.AppStore|x64.Build.0 = Release|Any CPU
		{8E71E780-68FD-4246-84DD-B9B4CB49D671}.AppStore|x64.Deploy.0 = Release|Any CPU
		{8E71E780-68FD-4246-84DD-B9B4CB49D671}.AppStore|x86.ActiveCfg = Release|Any CPU
		{8E71E780-68FD-4246-84DD-B9B4CB49D671}.AppStore|x86.Build.0 = Release|Any CPU
		{8E71E780-68FD-4246-84DD-B9B4CB49D671}.AppStore|x86.Deploy.0 = Release|Any CPU
		{8E71E780-68FD-4246-84DD-B9B4CB49D671}.Debug|Any CPU.ActiveCfg = Debug|Any CPU
		{8E71E780-68FD-4246-84DD-B9B4CB49D671}.Debug|Any CPU.Build.0 = Debug|Any CPU
		{8E71E780-68FD-4246-84DD-B9B4CB49D671}.Debug|Any CPU.Deploy.0 = Debug|Any CPU
		{8E71E780-68FD-4246-84DD-B9B4CB49D671}.Debug|ARM.ActiveCfg = Debug|Any CPU
		{8E71E780-68FD-4246-84DD-B9B4CB49D671}.Debug|ARM.Build.0 = Debug|Any CPU
		{8E71E780-68FD-4246-84DD-B9B4CB49D671}.Debug|ARM.Deploy.0 = Debug|Any CPU
		{8E71E780-68FD-4246-84DD-B9B4CB49D671}.Debug|iPhone.ActiveCfg = Debug|Any CPU
		{8E71E780-68FD-4246-84DD-B9B4CB49D671}.Debug|iPhone.Build.0 = Debug|Any CPU
		{8E71E780-68FD-4246-84DD-B9B4CB49D671}.Debug|iPhone.Deploy.0 = Debug|Any CPU
		{8E71E780-68FD-4246-84DD-B9B4CB49D671}.Debug|iPhoneSimulator.ActiveCfg = Debug|Any CPU
		{8E71E780-68FD-4246-84DD-B9B4CB49D671}.Debug|iPhoneSimulator.Build.0 = Debug|Any CPU
		{8E71E780-68FD-4246-84DD-B9B4CB49D671}.Debug|iPhoneSimulator.Deploy.0 = Debug|Any CPU
		{8E71E780-68FD-4246-84DD-B9B4CB49D671}.Debug|x64.ActiveCfg = Debug|Any CPU
		{8E71E780-68FD-4246-84DD-B9B4CB49D671}.Debug|x64.Build.0 = Debug|Any CPU
		{8E71E780-68FD-4246-84DD-B9B4CB49D671}.Debug|x64.Deploy.0 = Debug|Any CPU
		{8E71E780-68FD-4246-84DD-B9B4CB49D671}.Debug|x86.ActiveCfg = Debug|Any CPU
		{8E71E780-68FD-4246-84DD-B9B4CB49D671}.Debug|x86.Build.0 = Debug|Any CPU
		{8E71E780-68FD-4246-84DD-B9B4CB49D671}.Debug|x86.Deploy.0 = Debug|Any CPU
		{8E71E780-68FD-4246-84DD-B9B4CB49D671}.Release|Any CPU.ActiveCfg = Release|Any CPU
		{8E71E780-68FD-4246-84DD-B9B4CB49D671}.Release|Any CPU.Build.0 = Release|Any CPU
		{8E71E780-68FD-4246-84DD-B9B4CB49D671}.Release|Any CPU.Deploy.0 = Release|Any CPU
		{8E71E780-68FD-4246-84DD-B9B4CB49D671}.Release|ARM.ActiveCfg = Release|Any CPU
		{8E71E780-68FD-4246-84DD-B9B4CB49D671}.Release|ARM.Build.0 = Release|Any CPU
		{8E71E780-68FD-4246-84DD-B9B4CB49D671}.Release|ARM.Deploy.0 = Release|Any CPU
		{8E71E780-68FD-4246-84DD-B9B4CB49D671}.Release|iPhone.ActiveCfg = Release|Any CPU
		{8E71E780-68FD-4246-84DD-B9B4CB49D671}.Release|iPhone.Build.0 = Release|Any CPU
		{8E71E780-68FD-4246-84DD-B9B4CB49D671}.Release|iPhone.Deploy.0 = Release|Any CPU
		{8E71E780-68FD-4246-84DD-B9B4CB49D671}.Release|iPhoneSimulator.ActiveCfg = Release|Any CPU
		{8E71E780-68FD-4246-84DD-B9B4CB49D671}.Release|iPhoneSimulator.Build.0 = Release|Any CPU
		{8E71E780-68FD-4246-84DD-B9B4CB49D671}.Release|iPhoneSimulator.Deploy.0 = Release|Any CPU
		{8E71E780-68FD-4246-84DD-B9B4CB49D671}.Release|x64.ActiveCfg = Release|Any CPU
		{8E71E780-68FD-4246-84DD-B9B4CB49D671}.Release|x64.Build.0 = Release|Any CPU
		{8E71E780-68FD-4246-84DD-B9B4CB49D671}.Release|x64.Deploy.0 = Release|Any CPU
		{8E71E780-68FD-4246-84DD-B9B4CB49D671}.Release|x86.ActiveCfg = Release|Any CPU
		{8E71E780-68FD-4246-84DD-B9B4CB49D671}.Release|x86.Build.0 = Release|Any CPU
		{8E71E780-68FD-4246-84DD-B9B4CB49D671}.Release|x86.Deploy.0 = Release|Any CPU
		{52D1DA8A-E4B4-4553-B46E-45471735A357}.Ad-Hoc|Any CPU.ActiveCfg = Ad-Hoc|iPhone
		{52D1DA8A-E4B4-4553-B46E-45471735A357}.Ad-Hoc|Any CPU.Build.0 = Ad-Hoc|iPhone
		{52D1DA8A-E4B4-4553-B46E-45471735A357}.Ad-Hoc|Any CPU.Deploy.0 = Ad-Hoc|iPhone
		{52D1DA8A-E4B4-4553-B46E-45471735A357}.Ad-Hoc|ARM.ActiveCfg = Ad-Hoc|iPhone
		{52D1DA8A-E4B4-4553-B46E-45471735A357}.Ad-Hoc|ARM.Build.0 = Ad-Hoc|iPhone
		{52D1DA8A-E4B4-4553-B46E-45471735A357}.Ad-Hoc|ARM.Deploy.0 = Ad-Hoc|iPhone
		{52D1DA8A-E4B4-4553-B46E-45471735A357}.Ad-Hoc|iPhone.ActiveCfg = Ad-Hoc|iPhone
		{52D1DA8A-E4B4-4553-B46E-45471735A357}.Ad-Hoc|iPhone.Build.0 = Ad-Hoc|iPhone
		{52D1DA8A-E4B4-4553-B46E-45471735A357}.Ad-Hoc|iPhone.Deploy.0 = Ad-Hoc|iPhone
		{52D1DA8A-E4B4-4553-B46E-45471735A357}.Ad-Hoc|iPhoneSimulator.ActiveCfg = Ad-Hoc|iPhoneSimulator
		{52D1DA8A-E4B4-4553-B46E-45471735A357}.Ad-Hoc|iPhoneSimulator.Build.0 = Ad-Hoc|iPhoneSimulator
		{52D1DA8A-E4B4-4553-B46E-45471735A357}.Ad-Hoc|iPhoneSimulator.Deploy.0 = Ad-Hoc|iPhoneSimulator
		{52D1DA8A-E4B4-4553-B46E-45471735A357}.Ad-Hoc|x64.ActiveCfg = Ad-Hoc|iPhone
		{52D1DA8A-E4B4-4553-B46E-45471735A357}.Ad-Hoc|x64.Build.0 = Ad-Hoc|iPhone
		{52D1DA8A-E4B4-4553-B46E-45471735A357}.Ad-Hoc|x64.Deploy.0 = Ad-Hoc|iPhone
		{52D1DA8A-E4B4-4553-B46E-45471735A357}.Ad-Hoc|x86.ActiveCfg = Ad-Hoc|iPhone
		{52D1DA8A-E4B4-4553-B46E-45471735A357}.Ad-Hoc|x86.Build.0 = Ad-Hoc|iPhone
		{52D1DA8A-E4B4-4553-B46E-45471735A357}.Ad-Hoc|x86.Deploy.0 = Ad-Hoc|iPhone
		{52D1DA8A-E4B4-4553-B46E-45471735A357}.AppStore|Any CPU.ActiveCfg = AppStore|iPhone
		{52D1DA8A-E4B4-4553-B46E-45471735A357}.AppStore|Any CPU.Build.0 = AppStore|iPhone
		{52D1DA8A-E4B4-4553-B46E-45471735A357}.AppStore|Any CPU.Deploy.0 = AppStore|iPhone
		{52D1DA8A-E4B4-4553-B46E-45471735A357}.AppStore|ARM.ActiveCfg = AppStore|iPhone
		{52D1DA8A-E4B4-4553-B46E-45471735A357}.AppStore|ARM.Build.0 = AppStore|iPhone
		{52D1DA8A-E4B4-4553-B46E-45471735A357}.AppStore|ARM.Deploy.0 = AppStore|iPhone
		{52D1DA8A-E4B4-4553-B46E-45471735A357}.AppStore|iPhone.ActiveCfg = AppStore|iPhone
		{52D1DA8A-E4B4-4553-B46E-45471735A357}.AppStore|iPhone.Build.0 = AppStore|iPhone
		{52D1DA8A-E4B4-4553-B46E-45471735A357}.AppStore|iPhone.Deploy.0 = AppStore|iPhone
		{52D1DA8A-E4B4-4553-B46E-45471735A357}.AppStore|iPhoneSimulator.ActiveCfg = AppStore|iPhoneSimulator
		{52D1DA8A-E4B4-4553-B46E-45471735A357}.AppStore|iPhoneSimulator.Build.0 = AppStore|iPhoneSimulator
		{52D1DA8A-E4B4-4553-B46E-45471735A357}.AppStore|iPhoneSimulator.Deploy.0 = AppStore|iPhoneSimulator
		{52D1DA8A-E4B4-4553-B46E-45471735A357}.AppStore|x64.ActiveCfg = AppStore|iPhone
		{52D1DA8A-E4B4-4553-B46E-45471735A357}.AppStore|x64.Build.0 = AppStore|iPhone
		{52D1DA8A-E4B4-4553-B46E-45471735A357}.AppStore|x64.Deploy.0 = AppStore|iPhone
		{52D1DA8A-E4B4-4553-B46E-45471735A357}.AppStore|x86.ActiveCfg = AppStore|iPhone
		{52D1DA8A-E4B4-4553-B46E-45471735A357}.AppStore|x86.Build.0 = AppStore|iPhone
		{52D1DA8A-E4B4-4553-B46E-45471735A357}.AppStore|x86.Deploy.0 = AppStore|iPhone
		{52D1DA8A-E4B4-4553-B46E-45471735A357}.Debug|Any CPU.ActiveCfg = Debug|iPhoneSimulator
		{52D1DA8A-E4B4-4553-B46E-45471735A357}.Debug|Any CPU.Build.0 = Debug|iPhoneSimulator
		{52D1DA8A-E4B4-4553-B46E-45471735A357}.Debug|Any CPU.Deploy.0 = Debug|iPhoneSimulator
		{52D1DA8A-E4B4-4553-B46E-45471735A357}.Debug|ARM.ActiveCfg = Debug|iPhone
		{52D1DA8A-E4B4-4553-B46E-45471735A357}.Debug|ARM.Build.0 = Debug|iPhone
		{52D1DA8A-E4B4-4553-B46E-45471735A357}.Debug|ARM.Deploy.0 = Debug|iPhone
		{52D1DA8A-E4B4-4553-B46E-45471735A357}.Debug|iPhone.ActiveCfg = Debug|iPhone
		{52D1DA8A-E4B4-4553-B46E-45471735A357}.Debug|iPhone.Build.0 = Debug|iPhone
		{52D1DA8A-E4B4-4553-B46E-45471735A357}.Debug|iPhone.Deploy.0 = Debug|iPhone
		{52D1DA8A-E4B4-4553-B46E-45471735A357}.Debug|iPhoneSimulator.ActiveCfg = Debug|iPhoneSimulator
		{52D1DA8A-E4B4-4553-B46E-45471735A357}.Debug|iPhoneSimulator.Build.0 = Debug|iPhoneSimulator
		{52D1DA8A-E4B4-4553-B46E-45471735A357}.Debug|iPhoneSimulator.Deploy.0 = Debug|iPhoneSimulator
		{52D1DA8A-E4B4-4553-B46E-45471735A357}.Debug|x64.ActiveCfg = Debug|iPhone
		{52D1DA8A-E4B4-4553-B46E-45471735A357}.Debug|x64.Build.0 = Debug|iPhone
		{52D1DA8A-E4B4-4553-B46E-45471735A357}.Debug|x64.Deploy.0 = Debug|iPhone
		{52D1DA8A-E4B4-4553-B46E-45471735A357}.Debug|x86.ActiveCfg = Debug|iPhone
		{52D1DA8A-E4B4-4553-B46E-45471735A357}.Debug|x86.Build.0 = Debug|iPhone
		{52D1DA8A-E4B4-4553-B46E-45471735A357}.Debug|x86.Deploy.0 = Debug|iPhone
		{52D1DA8A-E4B4-4553-B46E-45471735A357}.Release|Any CPU.ActiveCfg = Release|iPhone
		{52D1DA8A-E4B4-4553-B46E-45471735A357}.Release|Any CPU.Build.0 = Release|iPhone
		{52D1DA8A-E4B4-4553-B46E-45471735A357}.Release|Any CPU.Deploy.0 = Release|iPhone
		{52D1DA8A-E4B4-4553-B46E-45471735A357}.Release|ARM.ActiveCfg = Release|iPhone
		{52D1DA8A-E4B4-4553-B46E-45471735A357}.Release|ARM.Build.0 = Release|iPhone
		{52D1DA8A-E4B4-4553-B46E-45471735A357}.Release|ARM.Deploy.0 = Release|iPhone
		{52D1DA8A-E4B4-4553-B46E-45471735A357}.Release|iPhone.ActiveCfg = Release|iPhone
		{52D1DA8A-E4B4-4553-B46E-45471735A357}.Release|iPhone.Build.0 = Release|iPhone
		{52D1DA8A-E4B4-4553-B46E-45471735A357}.Release|iPhone.Deploy.0 = Release|iPhone
		{52D1DA8A-E4B4-4553-B46E-45471735A357}.Release|iPhoneSimulator.ActiveCfg = Release|iPhoneSimulator
		{52D1DA8A-E4B4-4553-B46E-45471735A357}.Release|iPhoneSimulator.Build.0 = Release|iPhoneSimulator
		{52D1DA8A-E4B4-4553-B46E-45471735A357}.Release|iPhoneSimulator.Deploy.0 = Release|iPhoneSimulator
		{52D1DA8A-E4B4-4553-B46E-45471735A357}.Release|x64.ActiveCfg = Release|iPhone
		{52D1DA8A-E4B4-4553-B46E-45471735A357}.Release|x64.Build.0 = Release|iPhone
		{52D1DA8A-E4B4-4553-B46E-45471735A357}.Release|x64.Deploy.0 = Release|iPhone
		{52D1DA8A-E4B4-4553-B46E-45471735A357}.Release|x86.ActiveCfg = Release|iPhone
		{52D1DA8A-E4B4-4553-B46E-45471735A357}.Release|x86.Build.0 = Release|iPhone
		{52D1DA8A-E4B4-4553-B46E-45471735A357}.Release|x86.Deploy.0 = Release|iPhone
		{5FA4CB38-CC42-42D0-8182-4CE4D43110DB}.Ad-Hoc|Any CPU.ActiveCfg = Release|x86
		{5FA4CB38-CC42-42D0-8182-4CE4D43110DB}.Ad-Hoc|Any CPU.Build.0 = Release|x86
		{5FA4CB38-CC42-42D0-8182-4CE4D43110DB}.Ad-Hoc|Any CPU.Deploy.0 = Release|x86
		{5FA4CB38-CC42-42D0-8182-4CE4D43110DB}.Ad-Hoc|ARM.ActiveCfg = Release|ARM
		{5FA4CB38-CC42-42D0-8182-4CE4D43110DB}.Ad-Hoc|ARM.Build.0 = Release|ARM
		{5FA4CB38-CC42-42D0-8182-4CE4D43110DB}.Ad-Hoc|ARM.Deploy.0 = Release|ARM
		{5FA4CB38-CC42-42D0-8182-4CE4D43110DB}.Ad-Hoc|iPhone.ActiveCfg = Release|x86
		{5FA4CB38-CC42-42D0-8182-4CE4D43110DB}.Ad-Hoc|iPhone.Build.0 = Release|x86
		{5FA4CB38-CC42-42D0-8182-4CE4D43110DB}.Ad-Hoc|iPhone.Deploy.0 = Release|x86
		{5FA4CB38-CC42-42D0-8182-4CE4D43110DB}.Ad-Hoc|iPhoneSimulator.ActiveCfg = Release|x86
		{5FA4CB38-CC42-42D0-8182-4CE4D43110DB}.Ad-Hoc|iPhoneSimulator.Build.0 = Release|x86
		{5FA4CB38-CC42-42D0-8182-4CE4D43110DB}.Ad-Hoc|iPhoneSimulator.Deploy.0 = Release|x86
		{5FA4CB38-CC42-42D0-8182-4CE4D43110DB}.Ad-Hoc|x64.ActiveCfg = Release|x64
		{5FA4CB38-CC42-42D0-8182-4CE4D43110DB}.Ad-Hoc|x64.Build.0 = Release|x64
		{5FA4CB38-CC42-42D0-8182-4CE4D43110DB}.Ad-Hoc|x64.Deploy.0 = Release|x64
		{5FA4CB38-CC42-42D0-8182-4CE4D43110DB}.Ad-Hoc|x86.ActiveCfg = Release|x86
		{5FA4CB38-CC42-42D0-8182-4CE4D43110DB}.Ad-Hoc|x86.Build.0 = Release|x86
		{5FA4CB38-CC42-42D0-8182-4CE4D43110DB}.Ad-Hoc|x86.Deploy.0 = Release|x86
		{5FA4CB38-CC42-42D0-8182-4CE4D43110DB}.AppStore|Any CPU.ActiveCfg = Release|x86
		{5FA4CB38-CC42-42D0-8182-4CE4D43110DB}.AppStore|Any CPU.Build.0 = Release|x86
		{5FA4CB38-CC42-42D0-8182-4CE4D43110DB}.AppStore|Any CPU.Deploy.0 = Release|x86
		{5FA4CB38-CC42-42D0-8182-4CE4D43110DB}.AppStore|ARM.ActiveCfg = Release|ARM
		{5FA4CB38-CC42-42D0-8182-4CE4D43110DB}.AppStore|ARM.Build.0 = Release|ARM
		{5FA4CB38-CC42-42D0-8182-4CE4D43110DB}.AppStore|ARM.Deploy.0 = Release|ARM
		{5FA4CB38-CC42-42D0-8182-4CE4D43110DB}.AppStore|iPhone.ActiveCfg = Release|x86
		{5FA4CB38-CC42-42D0-8182-4CE4D43110DB}.AppStore|iPhone.Build.0 = Release|x86
		{5FA4CB38-CC42-42D0-8182-4CE4D43110DB}.AppStore|iPhone.Deploy.0 = Release|x86
		{5FA4CB38-CC42-42D0-8182-4CE4D43110DB}.AppStore|iPhoneSimulator.ActiveCfg = Release|x86
		{5FA4CB38-CC42-42D0-8182-4CE4D43110DB}.AppStore|iPhoneSimulator.Build.0 = Release|x86
		{5FA4CB38-CC42-42D0-8182-4CE4D43110DB}.AppStore|iPhoneSimulator.Deploy.0 = Release|x86
		{5FA4CB38-CC42-42D0-8182-4CE4D43110DB}.AppStore|x64.ActiveCfg = Release|x64
		{5FA4CB38-CC42-42D0-8182-4CE4D43110DB}.AppStore|x64.Build.0 = Release|x64
		{5FA4CB38-CC42-42D0-8182-4CE4D43110DB}.AppStore|x64.Deploy.0 = Release|x64
		{5FA4CB38-CC42-42D0-8182-4CE4D43110DB}.AppStore|x86.ActiveCfg = Release|x86
		{5FA4CB38-CC42-42D0-8182-4CE4D43110DB}.AppStore|x86.Build.0 = Release|x86
		{5FA4CB38-CC42-42D0-8182-4CE4D43110DB}.AppStore|x86.Deploy.0 = Release|x86
		{5FA4CB38-CC42-42D0-8182-4CE4D43110DB}.Debug|Any CPU.ActiveCfg = Debug|x86
		{5FA4CB38-CC42-42D0-8182-4CE4D43110DB}.Debug|Any CPU.Build.0 = Debug|x86
		{5FA4CB38-CC42-42D0-8182-4CE4D43110DB}.Debug|Any CPU.Deploy.0 = Debug|x86
		{5FA4CB38-CC42-42D0-8182-4CE4D43110DB}.Debug|ARM.ActiveCfg = Debug|ARM
		{5FA4CB38-CC42-42D0-8182-4CE4D43110DB}.Debug|ARM.Build.0 = Debug|ARM
		{5FA4CB38-CC42-42D0-8182-4CE4D43110DB}.Debug|ARM.Deploy.0 = Debug|ARM
		{5FA4CB38-CC42-42D0-8182-4CE4D43110DB}.Debug|iPhone.ActiveCfg = Debug|x86
		{5FA4CB38-CC42-42D0-8182-4CE4D43110DB}.Debug|iPhone.Build.0 = Debug|x86
		{5FA4CB38-CC42-42D0-8182-4CE4D43110DB}.Debug|iPhone.Deploy.0 = Debug|x86
		{5FA4CB38-CC42-42D0-8182-4CE4D43110DB}.Debug|iPhoneSimulator.ActiveCfg = Debug|x86
		{5FA4CB38-CC42-42D0-8182-4CE4D43110DB}.Debug|iPhoneSimulator.Build.0 = Debug|x86
		{5FA4CB38-CC42-42D0-8182-4CE4D43110DB}.Debug|iPhoneSimulator.Deploy.0 = Debug|x86
		{5FA4CB38-CC42-42D0-8182-4CE4D43110DB}.Debug|x64.ActiveCfg = Debug|x64
		{5FA4CB38-CC42-42D0-8182-4CE4D43110DB}.Debug|x64.Build.0 = Debug|x64
		{5FA4CB38-CC42-42D0-8182-4CE4D43110DB}.Debug|x64.Deploy.0 = Debug|x64
		{5FA4CB38-CC42-42D0-8182-4CE4D43110DB}.Debug|x86.ActiveCfg = Debug|x86
		{5FA4CB38-CC42-42D0-8182-4CE4D43110DB}.Debug|x86.Build.0 = Debug|x86
		{5FA4CB38-CC42-42D0-8182-4CE4D43110DB}.Debug|x86.Deploy.0 = Debug|x86
		{5FA4CB38-CC42-42D0-8182-4CE4D43110DB}.Release|Any CPU.ActiveCfg = Release|x86
		{5FA4CB38-CC42-42D0-8182-4CE4D43110DB}.Release|Any CPU.Build.0 = Release|x86
		{5FA4CB38-CC42-42D0-8182-4CE4D43110DB}.Release|Any CPU.Deploy.0 = Release|x86
		{5FA4CB38-CC42-42D0-8182-4CE4D43110DB}.Release|ARM.ActiveCfg = Release|ARM
		{5FA4CB38-CC42-42D0-8182-4CE4D43110DB}.Release|ARM.Build.0 = Release|ARM
		{5FA4CB38-CC42-42D0-8182-4CE4D43110DB}.Release|ARM.Deploy.0 = Release|ARM
		{5FA4CB38-CC42-42D0-8182-4CE4D43110DB}.Release|iPhone.ActiveCfg = Release|x86
		{5FA4CB38-CC42-42D0-8182-4CE4D43110DB}.Release|iPhone.Build.0 = Release|x86
		{5FA4CB38-CC42-42D0-8182-4CE4D43110DB}.Release|iPhone.Deploy.0 = Release|x86
		{5FA4CB38-CC42-42D0-8182-4CE4D43110DB}.Release|iPhoneSimulator.ActiveCfg = Release|x86
		{5FA4CB38-CC42-42D0-8182-4CE4D43110DB}.Release|iPhoneSimulator.Build.0 = Release|x86
		{5FA4CB38-CC42-42D0-8182-4CE4D43110DB}.Release|iPhoneSimulator.Deploy.0 = Release|x86
		{5FA4CB38-CC42-42D0-8182-4CE4D43110DB}.Release|x64.ActiveCfg = Release|x64
		{5FA4CB38-CC42-42D0-8182-4CE4D43110DB}.Release|x64.Build.0 = Release|x64
		{5FA4CB38-CC42-42D0-8182-4CE4D43110DB}.Release|x64.Deploy.0 = Release|x64
		{5FA4CB38-CC42-42D0-8182-4CE4D43110DB}.Release|x86.ActiveCfg = Release|x86
		{5FA4CB38-CC42-42D0-8182-4CE4D43110DB}.Release|x86.Build.0 = Release|x86
		{5FA4CB38-CC42-42D0-8182-4CE4D43110DB}.Release|x86.Deploy.0 = Release|x86
		{E28ED47F-1581-47AC-9A6D-0F3EDD640603}.Ad-Hoc|Any CPU.ActiveCfg = Debug|Any CPU
		{E28ED47F-1581-47AC-9A6D-0F3EDD640603}.Ad-Hoc|Any CPU.Build.0 = Debug|Any CPU
		{E28ED47F-1581-47AC-9A6D-0F3EDD640603}.Ad-Hoc|Any CPU.Deploy.0 = Debug|Any CPU
		{E28ED47F-1581-47AC-9A6D-0F3EDD640603}.Ad-Hoc|ARM.ActiveCfg = Debug|Any CPU
		{E28ED47F-1581-47AC-9A6D-0F3EDD640603}.Ad-Hoc|ARM.Build.0 = Debug|Any CPU
		{E28ED47F-1581-47AC-9A6D-0F3EDD640603}.Ad-Hoc|ARM.Deploy.0 = Debug|Any CPU
		{E28ED47F-1581-47AC-9A6D-0F3EDD640603}.Ad-Hoc|iPhone.ActiveCfg = Debug|Any CPU
		{E28ED47F-1581-47AC-9A6D-0F3EDD640603}.Ad-Hoc|iPhone.Build.0 = Debug|Any CPU
		{E28ED47F-1581-47AC-9A6D-0F3EDD640603}.Ad-Hoc|iPhone.Deploy.0 = Debug|Any CPU
		{E28ED47F-1581-47AC-9A6D-0F3EDD640603}.Ad-Hoc|iPhoneSimulator.ActiveCfg = Debug|Any CPU
		{E28ED47F-1581-47AC-9A6D-0F3EDD640603}.Ad-Hoc|iPhoneSimulator.Build.0 = Debug|Any CPU
		{E28ED47F-1581-47AC-9A6D-0F3EDD640603}.Ad-Hoc|iPhoneSimulator.Deploy.0 = Debug|Any CPU
		{E28ED47F-1581-47AC-9A6D-0F3EDD640603}.Ad-Hoc|x64.ActiveCfg = Debug|Any CPU
		{E28ED47F-1581-47AC-9A6D-0F3EDD640603}.Ad-Hoc|x64.Build.0 = Debug|Any CPU
		{E28ED47F-1581-47AC-9A6D-0F3EDD640603}.Ad-Hoc|x64.Deploy.0 = Debug|Any CPU
		{E28ED47F-1581-47AC-9A6D-0F3EDD640603}.Ad-Hoc|x86.ActiveCfg = Debug|Any CPU
		{E28ED47F-1581-47AC-9A6D-0F3EDD640603}.Ad-Hoc|x86.Build.0 = Debug|Any CPU
		{E28ED47F-1581-47AC-9A6D-0F3EDD640603}.Ad-Hoc|x86.Deploy.0 = Debug|Any CPU
		{E28ED47F-1581-47AC-9A6D-0F3EDD640603}.AppStore|Any CPU.ActiveCfg = Debug|Any CPU
		{E28ED47F-1581-47AC-9A6D-0F3EDD640603}.AppStore|Any CPU.Build.0 = Debug|Any CPU
		{E28ED47F-1581-47AC-9A6D-0F3EDD640603}.AppStore|Any CPU.Deploy.0 = Debug|Any CPU
		{E28ED47F-1581-47AC-9A6D-0F3EDD640603}.AppStore|ARM.ActiveCfg = Debug|Any CPU
		{E28ED47F-1581-47AC-9A6D-0F3EDD640603}.AppStore|ARM.Build.0 = Debug|Any CPU
		{E28ED47F-1581-47AC-9A6D-0F3EDD640603}.AppStore|ARM.Deploy.0 = Debug|Any CPU
		{E28ED47F-1581-47AC-9A6D-0F3EDD640603}.AppStore|iPhone.ActiveCfg = Debug|Any CPU
		{E28ED47F-1581-47AC-9A6D-0F3EDD640603}.AppStore|iPhone.Build.0 = Debug|Any CPU
		{E28ED47F-1581-47AC-9A6D-0F3EDD640603}.AppStore|iPhone.Deploy.0 = Debug|Any CPU
		{E28ED47F-1581-47AC-9A6D-0F3EDD640603}.AppStore|iPhoneSimulator.ActiveCfg = Debug|Any CPU
		{E28ED47F-1581-47AC-9A6D-0F3EDD640603}.AppStore|iPhoneSimulator.Build.0 = Debug|Any CPU
		{E28ED47F-1581-47AC-9A6D-0F3EDD640603}.AppStore|iPhoneSimulator.Deploy.0 = Debug|Any CPU
		{E28ED47F-1581-47AC-9A6D-0F3EDD640603}.AppStore|x64.ActiveCfg = Debug|Any CPU
		{E28ED47F-1581-47AC-9A6D-0F3EDD640603}.AppStore|x64.Build.0 = Debug|Any CPU
		{E28ED47F-1581-47AC-9A6D-0F3EDD640603}.AppStore|x64.Deploy.0 = Debug|Any CPU
		{E28ED47F-1581-47AC-9A6D-0F3EDD640603}.AppStore|x86.ActiveCfg = Debug|Any CPU
		{E28ED47F-1581-47AC-9A6D-0F3EDD640603}.AppStore|x86.Build.0 = Debug|Any CPU
		{E28ED47F-1581-47AC-9A6D-0F3EDD640603}.AppStore|x86.Deploy.0 = Debug|Any CPU
		{E28ED47F-1581-47AC-9A6D-0F3EDD640603}.Debug|Any CPU.ActiveCfg = Debug|Any CPU
		{E28ED47F-1581-47AC-9A6D-0F3EDD640603}.Debug|Any CPU.Build.0 = Debug|Any CPU
		{E28ED47F-1581-47AC-9A6D-0F3EDD640603}.Debug|Any CPU.Deploy.0 = Debug|Any CPU
		{E28ED47F-1581-47AC-9A6D-0F3EDD640603}.Debug|ARM.ActiveCfg = Debug|Any CPU
		{E28ED47F-1581-47AC-9A6D-0F3EDD640603}.Debug|ARM.Build.0 = Debug|Any CPU
		{E28ED47F-1581-47AC-9A6D-0F3EDD640603}.Debug|ARM.Deploy.0 = Debug|Any CPU
		{E28ED47F-1581-47AC-9A6D-0F3EDD640603}.Debug|iPhone.ActiveCfg = Debug|Any CPU
		{E28ED47F-1581-47AC-9A6D-0F3EDD640603}.Debug|iPhone.Build.0 = Debug|Any CPU
		{E28ED47F-1581-47AC-9A6D-0F3EDD640603}.Debug|iPhone.Deploy.0 = Debug|Any CPU
		{E28ED47F-1581-47AC-9A6D-0F3EDD640603}.Debug|iPhoneSimulator.ActiveCfg = Debug|Any CPU
		{E28ED47F-1581-47AC-9A6D-0F3EDD640603}.Debug|iPhoneSimulator.Build.0 = Debug|Any CPU
		{E28ED47F-1581-47AC-9A6D-0F3EDD640603}.Debug|iPhoneSimulator.Deploy.0 = Debug|Any CPU
		{E28ED47F-1581-47AC-9A6D-0F3EDD640603}.Debug|x64.ActiveCfg = Debug|Any CPU
		{E28ED47F-1581-47AC-9A6D-0F3EDD640603}.Debug|x64.Build.0 = Debug|Any CPU
		{E28ED47F-1581-47AC-9A6D-0F3EDD640603}.Debug|x64.Deploy.0 = Debug|Any CPU
		{E28ED47F-1581-47AC-9A6D-0F3EDD640603}.Debug|x86.ActiveCfg = Debug|Any CPU
		{E28ED47F-1581-47AC-9A6D-0F3EDD640603}.Debug|x86.Build.0 = Debug|Any CPU
		{E28ED47F-1581-47AC-9A6D-0F3EDD640603}.Debug|x86.Deploy.0 = Debug|Any CPU
		{E28ED47F-1581-47AC-9A6D-0F3EDD640603}.Release|Any CPU.ActiveCfg = Release|Any CPU
		{E28ED47F-1581-47AC-9A6D-0F3EDD640603}.Release|Any CPU.Build.0 = Release|Any CPU
		{E28ED47F-1581-47AC-9A6D-0F3EDD640603}.Release|Any CPU.Deploy.0 = Release|Any CPU
		{E28ED47F-1581-47AC-9A6D-0F3EDD640603}.Release|ARM.ActiveCfg = Release|Any CPU
		{E28ED47F-1581-47AC-9A6D-0F3EDD640603}.Release|ARM.Build.0 = Release|Any CPU
		{E28ED47F-1581-47AC-9A6D-0F3EDD640603}.Release|ARM.Deploy.0 = Release|Any CPU
		{E28ED47F-1581-47AC-9A6D-0F3EDD640603}.Release|iPhone.ActiveCfg = Release|Any CPU
		{E28ED47F-1581-47AC-9A6D-0F3EDD640603}.Release|iPhone.Build.0 = Release|Any CPU
		{E28ED47F-1581-47AC-9A6D-0F3EDD640603}.Release|iPhone.Deploy.0 = Release|Any CPU
		{E28ED47F-1581-47AC-9A6D-0F3EDD640603}.Release|iPhoneSimulator.ActiveCfg = Release|Any CPU
		{E28ED47F-1581-47AC-9A6D-0F3EDD640603}.Release|iPhoneSimulator.Build.0 = Release|Any CPU
		{E28ED47F-1581-47AC-9A6D-0F3EDD640603}.Release|iPhoneSimulator.Deploy.0 = Release|Any CPU
		{E28ED47F-1581-47AC-9A6D-0F3EDD640603}.Release|x64.ActiveCfg = Release|Any CPU
		{E28ED47F-1581-47AC-9A6D-0F3EDD640603}.Release|x64.Build.0 = Release|Any CPU
		{E28ED47F-1581-47AC-9A6D-0F3EDD640603}.Release|x64.Deploy.0 = Release|Any CPU
		{E28ED47F-1581-47AC-9A6D-0F3EDD640603}.Release|x86.ActiveCfg = Release|Any CPU
		{E28ED47F-1581-47AC-9A6D-0F3EDD640603}.Release|x86.Build.0 = Release|Any CPU
		{E28ED47F-1581-47AC-9A6D-0F3EDD640603}.Release|x86.Deploy.0 = Release|Any CPU
	EndGlobalSection
	GlobalSection(SolutionProperties) = preSolution
		HideSolutionNode = FALSE
	EndGlobalSection
	GlobalSection(ExtensibilityGlobals) = postSolution
		SolutionGuid = {161CFB8F-9DF7-4D9F-A145-DA9054902F84}
	EndGlobalSection
EndGlobal
